
Microsoft Visual Studio Solution File, Format Version 12.00
# Visual Studio Version 16
VisualStudioVersion = 16.0.29613.14
MinimumVisualStudioVersion = 10.0.40219.1
Project("{9A19103F-16F7-4668-BE54-9A1E7A4F7556}") = "Boxty", "Boxty\Boxty.csproj", "{39D8F88C-FB06-4E15-BD96-4D2C4581C959}"
EndProject
Project("{9A19103F-16F7-4668-BE54-9A1E7A4F7556}") = "Boxty.Data", "Boxty.Data\Boxty.Data.csproj", "{A6F7F396-5088-4FE5-A611-917DA5BBEAA0}"
EndProject
Project("{9A19103F-16F7-4668-BE54-9A1E7A4F7556}") = "Boxty.Models", "Boxty.Models\Boxty.Models.csproj", "{AE1210E2-17A5-4A7A-A42E-565DC81A222D}"
EndProject
Project("{9A19103F-16F7-4668-BE54-9A1E7A4F7556}") = "Boxty.Services", "Boxty.Services\Boxty.Services.csproj", "{85F832CB-3A45-40F6-968C-9C580B3A966A}"
EndProject
Project("{9A19103F-16F7-4668-BE54-9A1E7A4F7556}") = "Boxty.ViewModels", "Boxty.ViewModels\Boxty.ViewModels.csproj", "{12D8A284-0714-4D07-AB7C-B5FC780A6C6F}"
EndProject
Global
	GlobalSection(SolutionConfigurationPlatforms) = preSolution
		Debug|Any CPU = Debug|Any CPU
		Release|Any CPU = Release|Any CPU
	EndGlobalSection
	GlobalSection(ProjectConfigurationPlatforms) = postSolution
		{39D8F88C-FB06-4E15-BD96-4D2C4581C959}.Debug|Any CPU.ActiveCfg = Debug|Any CPU
		{39D8F88C-FB06-4E15-BD96-4D2C4581C959}.Debug|Any CPU.Build.0 = Debug|Any CPU
		{39D8F88C-FB06-4E15-BD96-4D2C4581C959}.Release|Any CPU.ActiveCfg = Release|Any CPU
		{39D8F88C-FB06-4E15-BD96-4D2C4581C959}.Release|Any CPU.Build.0 = Release|Any CPU
		{A6F7F396-5088-4FE5-A611-917DA5BBEAA0}.Debug|Any CPU.ActiveCfg = Debug|Any CPU
		{A6F7F396-5088-4FE5-A611-917DA5BBEAA0}.Debug|Any CPU.Build.0 = Debug|Any CPU
		{A6F7F396-5088-4FE5-A611-917DA5BBEAA0}.Release|Any CPU.ActiveCfg = Release|Any CPU
		{A6F7F396-5088-4FE5-A611-917DA5BBEAA0}.Release|Any CPU.Build.0 = Release|Any CPU
		{AE1210E2-17A5-4A7A-A42E-565DC81A222D}.Debug|Any CPU.ActiveCfg = Debug|Any CPU
		{AE1210E2-17A5-4A7A-A42E-565DC81A222D}.Debug|Any CPU.Build.0 = Debug|Any CPU
		{AE1210E2-17A5-4A7A-A42E-565DC81A222D}.Release|Any CPU.ActiveCfg = Release|Any CPU
		{AE1210E2-17A5-4A7A-A42E-565DC81A222D}.Release|Any CPU.Build.0 = Release|Any CPU
		{85F832CB-3A45-40F6-968C-9C580B3A966A}.Debug|Any CPU.ActiveCfg = Debug|Any CPU
		{85F832CB-3A45-40F6-968C-9C580B3A966A}.Debug|Any CPU.Build.0 = Debug|Any CPU
		{85F832CB-3A45-40F6-968C-9C580B3A966A}.Release|Any CPU.ActiveCfg = Release|Any CPU
		{85F832CB-3A45-40F6-968C-9C580B3A966A}.Release|Any CPU.Build.0 = Release|Any CPU
		{12D8A284-0714-4D07-AB7C-B5FC780A6C6F}.Debug|Any CPU.ActiveCfg = Debug|Any CPU
		{12D8A284-0714-4D07-AB7C-B5FC780A6C6F}.Debug|Any CPU.Build.0 = Debug|Any CPU
		{12D8A284-0714-4D07-AB7C-B5FC780A6C6F}.Release|Any CPU.ActiveCfg = Release|Any CPU
		{12D8A284-0714-4D07-AB7C-B5FC780A6C6F}.Release|Any CPU.Build.0 = Release|Any CPU
	EndGlobalSection
	GlobalSection(SolutionProperties) = preSolution
		HideSolutionNode = FALSE
	EndGlobalSection
	GlobalSection(ExtensibilityGlobals) = postSolution
		SolutionGuid = {965A9418-B22D-4283-A3CC-7F2E9C337FE2}
	EndGlobalSection
EndGlobal
